
Microsoft Visual Studio Solution File, Format Version 12.00
# Visual Studio Version 17
VisualStudioVersion = 17.5.002.0
MinimumVisualStudioVersion = 10.0.40219.1
Project("{9A19103F-16F7-4668-BE54-9A1E7A4F7556}") = "Dyndata", "Dyndata\Dyndata.csproj", "{E662778B-645A-49CE-80F2-9094F746B9FD}"
EndProject
Global
	GlobalSection(SolutionConfigurationPlatforms) = preSolution
		Debug|Any CPU = Debug|Any CPU
		Release|Any CPU = Release|Any CPU
	EndGlobalSection
	GlobalSection(ProjectConfigurationPlatforms) = postSolution
		{E662778B-645A-49CE-80F2-9094F746B9FD}.Debug|Any CPU.ActiveCfg = Debug|Any CPU
		{E662778B-645A-49CE-80F2-9094F746B9FD}.Debug|Any CPU.Build.0 = Debug|Any CPU
		{E662778B-645A-49CE-80F2-9094F746B9FD}.Release|Any CPU.ActiveCfg = Release|Any CPU
		{E662778B-645A-49CE-80F2-9094F746B9FD}.Release|Any CPU.Build.0 = Release|Any CPU
	EndGlobalSection
	GlobalSection(SolutionProperties) = preSolution
		HideSolutionNode = FALSE
	EndGlobalSection
	GlobalSection(ExtensibilityGlobals) = postSolution
		SolutionGuid = {0A9BF6EF-DCB0-4E8D-80AF-7F8F89B636F7}
	EndGlobalSection
EndGlobal
